# APEXFIN icon lock -- lucide-static@1.28.0 (generated, do not edit)
version: "1.28.0"
check-circle-2: 2dd405d6ec70f0b23884940846a165dd3190352f99e75f94c65fc74c4d575b22
alert-triangle: 49e19a1ab41acaaa4ddb7d3b5c7a3358b8d22c46def01017af61cc8ee6a04ae5
x-octagon: 64b68ba34b4b5e4c1863d2337da7ab12ca12106072fa0727f657b3b2de852faa
circle-dashed: 534bff81868b04a58aa6edf34edd46fc4920030968f27b13f4943a314242329f
database: 68d51ff60f3d1d39c912685973f11147f2a61ccceabcbeada93a77e4a045e647
layers: 08cfff3eb555b016820ded79d090f6ed1b581c9101130f97e5a49d2a724d8f0f
activity: 9c1802ac80d3795435fa8be76b8f83520227ab50a450e8dda6951d3165bbdf05
filter: 37427a00d23e24f4c7eaf4e15492dcf61108de470684959c961bd554ac600581
shield-check: 05ccc0368c77bcfb5e4245f87e2ee8750b53435ce49e7fa22767c89afcfd0f26
git-commit-horizontal: 6cd58c1cca7f3ef651fcfc05f444b0482c30b12ba0a3ebd380b262b504bf4e59
clock: f40888c8bd791cc666ee66a6c93f8e79dd92666bc105624adb7214ee11001336
refresh-cw: 5deaa76ee53a23c6db5dfa001734143c8327f3b7e96c3c0c2d1e595372644871
loader: 8406b9c44ae9f0868cc09a97ec1b5efca713511f07803311913315fa8ac5c509
candlestick-chart: dcc02dc5be652deda000844f3298a2c5ebf4b5b323fdf50f65c70717638b6b7c
line-chart: 1ba304377a92df0a10ef9d9e5830f2e155606fee811db01c6000edd50e72c735
table-2: bc06acfd4591f326e6b918ef07b05b688be6ec5c6c1013d80c4402393b5623d6
trending-up: c9b6b638dc715c9a55d8a0f3e88605edf4058ec10b1c0de21335a2139ad09d74
trending-down: eb3124651ba0f46c89515a8dd2e210dc832541eacaf3016ac31ef035a574e557
minus: 4c47130ba4ad2db74ce29ba7617f25bc293a2ca25738ce3b2cc154e4806a96b7
chevron-down: ca0417fae979a01b16384d5b96898c79405fe3c01981a9610d9ae0893755e60f
chevron-right: f89e00e740a8b8a2b1cfa2ef13d7f310b00ee7a7a26ee971bb2d2038a1237a68
external-link: b7b550b7688b4c066c7639f9fe3d8bcf81242a2db6f5700633238431c8589560
info: d4ea61a05aedc3f2579847c6d6fb20a143e1bacbb75c123afae3757c999ad35f
download: 8aa18d973dfde93a7e29f50a2e7b4691ee4cf61e9dbcc5ab4c4ae2d4a057e722
sun: 1fb61b0dd93806b1dea244d7617478cad2af0b10b0172cd5145573743cf281de
moon: b8c4d85effdc98efe67a3c0232c7823464200060be08cf6ac69a834d92b5d91e
circle-slash: b397aac91632cf4151e4477a2a2b1fb575e16e7b932c94c1c9067a514ad39ef3
